
Microsoft Visual Studio Solution File, Format Version 12.00
# Visual Studio Version 17
VisualStudioVersion = 17.11.35208.52
MinimumVisualStudioVersion = 10.0.40219.1
Project("{9A19103F-16F7-4668-BE54-9A1E7A4F7556}") = "UI", "UI\UI.csproj", "{E48ABA07-3A32-4D17-997A-5E2ABB04F588}"
EndProject
Project("{9A19103F-16F7-4668-BE54-9A1E7A4F7556}") = "BLL", "BLL\BLL.csproj", "{AA4502CE-9536-4402-A348-EC149D6A5D98}"
EndProject
Project("{9A19103F-16F7-4668-BE54-9A1E7A4F7556}") = "DAL", "DAL\DAL.csproj", "{24D12F89-CFBC-41DD-8172-9AB760E094C0}"
EndProject
Project("{FAE04EC0-301F-11D3-BF4B-00C04F79EFBC}") = "TestProject", "TestProject\TestProject.csproj", "{11D00D36-E8F5-4E37-A22B-654B38A6DCD6}"
	ProjectSection(ProjectDependencies) = postProject
		{24D12F89-CFBC-41DD-8172-9AB760E094C0} = {24D12F89-CFBC-41DD-8172-9AB760E094C0}
		{AA4502CE-9536-4402-A348-EC149D6A5D98} = {AA4502CE-9536-4402-A348-EC149D6A5D98}
	EndProjectSection
EndProject
Global
	GlobalSection(SolutionConfigurationPlatforms) = preSolution
		Debug|Any CPU = Debug|Any CPU
		Release|Any CPU = Release|Any CPU
	EndGlobalSection
	GlobalSection(ProjectConfigurationPlatforms) = postSolution
		{E48ABA07-3A32-4D17-997A-5E2ABB04F588}.Debug|Any CPU.ActiveCfg = Debug|Any CPU
		{E48ABA07-3A32-4D17-997A-5E2ABB04F588}.Debug|Any CPU.Build.0 = Debug|Any CPU
		{E48ABA07-3A32-4D17-997A-5E2ABB04F588}.Release|Any CPU.ActiveCfg = Release|Any CPU
		{E48ABA07-3A32-4D17-997A-5E2ABB04F588}.Release|Any CPU.Build.0 = Release|Any CPU
		{AA4502CE-9536-4402-A348-EC149D6A5D98}.Debug|Any CPU.ActiveCfg = Debug|Any CPU
		{AA4502CE-9536-4402-A348-EC149D6A5D98}.Debug|Any CPU.Build.0 = Debug|Any CPU
		{AA4502CE-9536-4402-A348-EC149D6A5D98}.Release|Any CPU.ActiveCfg = Release|Any CPU
		{AA4502CE-9536-4402-A348-EC149D6A5D98}.Release|Any CPU.Build.0 = Release|Any CPU
		{24D12F89-CFBC-41DD-8172-9AB760E094C0}.Debug|Any CPU.ActiveCfg = Debug|Any CPU
		{24D12F89-CFBC-41DD-8172-9AB760E094C0}.Debug|Any CPU.Build.0 = Debug|Any CPU
		{24D12F89-CFBC-41DD-8172-9AB760E094C0}.Release|Any CPU.ActiveCfg = Release|Any CPU
		{24D12F89-CFBC-41DD-8172-9AB760E094C0}.Release|Any CPU.Build.0 = Release|Any CPU
		{11D00D36-E8F5-4E37-A22B-654B38A6DCD6}.Debug|Any CPU.ActiveCfg = Debug|Any CPU
		{11D00D36-E8F5-4E37-A22B-654B38A6DCD6}.Debug|Any CPU.Build.0 = Debug|Any CPU
		{11D00D36-E8F5-4E37-A22B-654B38A6DCD6}.Release|Any CPU.ActiveCfg = Release|Any CPU
		{11D00D36-E8F5-4E37-A22B-654B38A6DCD6}.Release|Any CPU.Build.0 = Release|Any CPU
	EndGlobalSection
	GlobalSection(SolutionProperties) = preSolution
		HideSolutionNode = FALSE
	EndGlobalSection
	GlobalSection(ExtensibilityGlobals) = postSolution
		SolutionGuid = {FBCC8A8D-518D-4D78-99DF-8D8787395901}
	EndGlobalSection
EndGlobal
